// !$*UTF8*$!
{
	archiveVersion = 1;
	classes = {
	};
	objectVersion = 55;
	objects = {

/* Begin PBXBuildFile section */
		8945244428C6EA2900F06AE9 /* AboutFruitsApp.swift in Sources */ = {isa = PBXBuildFile; fileRef = 8945244328C6EA2900F06AE9 /* AboutFruitsApp.swift */; };
		8945244628C6EA2900F06AE9 /* ContentView.swift in Sources */ = {isa = PBXBuildFile; fileRef = 8945244528C6EA2900F06AE9 /* ContentView.swift */; };
		8945244828C6EA2A00F06AE9 /* Assets.xcassets in Resources */ = {isa = PBXBuildFile; fileRef = 8945244728C6EA2A00F06AE9 /* Assets.xcassets */; };
		8945244B28C6EA2A00F06AE9 /* Preview Assets.xcassets in Resources */ = {isa = PBXBuildFile; fileRef = 8945244A28C6EA2A00F06AE9 /* Preview Assets.xcassets */; };
		8945245528C6EA2A00F06AE9 /* AboutFruitsTests.swift in Sources */ = {isa = PBXBuildFile; fileRef = 8945245428C6EA2A00F06AE9 /* AboutFruitsTests.swift */; };
		8945245F28C6EA2A00F06AE9 /* AboutFruitsUITests.swift in Sources */ = {isa = PBXBuildFile; fileRef = 8945245E28C6EA2A00F06AE9 /* AboutFruitsUITests.swift */; };
		8945246128C6EA2A00F06AE9 /* AboutFruitsUITestsLaunchTests.swift in Sources */ = {isa = PBXBuildFile; fileRef = 8945246028C6EA2A00F06AE9 /* AboutFruitsUITestsLaunchTests.swift */; };
		8945247028C6F47600F06AE9 /* FruitCardView.swift in Sources */ = {isa = PBXBuildFile; fileRef = 8945246F28C6F47600F06AE9 /* FruitCardView.swift */; };
		8945247228C6F8C300F06AE9 /* StartButtonView.swift in Sources */ = {isa = PBXBuildFile; fileRef = 8945247128C6F8C300F06AE9 /* StartButtonView.swift */; };
		8945247428C6FC7600F06AE9 /* OnboardingView.swift in Sources */ = {isa = PBXBuildFile; fileRef = 8945247328C6FC7600F06AE9 /* OnboardingView.swift */; };
		8945247728C70D5300F06AE9 /* FruitModel.swift in Sources */ = {isa = PBXBuildFile; fileRef = 8945247628C70D5300F06AE9 /* FruitModel.swift */; };
		8945247A28C70EE400F06AE9 /* FruitData.swift in Sources */ = {isa = PBXBuildFile; fileRef = 8945247928C70EE400F06AE9 /* FruitData.swift */; };
		8945247C28C71BC200F06AE9 /* FruitRowView.swift in Sources */ = {isa = PBXBuildFile; fileRef = 8945247B28C71BC200F06AE9 /* FruitRowView.swift */; };
/* End PBXBuildFile section */

/* Begin PBXContainerItemProxy section */
		8945245128C6EA2A00F06AE9 /* PBXContainerItemProxy */ = {
			isa = PBXContainerItemProxy;
			containerPortal = 8945243828C6EA2900F06AE9 /* Project object */;
			proxyType = 1;
			remoteGlobalIDString = 8945243F28C6EA2900F06AE9;
			remoteInfo = AboutFruits;
		};
		8945245B28C6EA2A00F06AE9 /* PBXContainerItemProxy */ = {
			isa = PBXContainerItemProxy;
			containerPortal = 8945243828C6EA2900F06AE9 /* Project object */;
			proxyType = 1;
			remoteGlobalIDString = 8945243F28C6EA2900F06AE9;
			remoteInfo = AboutFruits;
		};
/* End PBXContainerItemProxy section */

/* Begin PBXFileReference section */
		8945244028C6EA2900F06AE9 /* AboutFruits.app */ = {isa = PBXFileReference; explicitFileType = wrapper.application; includeInIndex = 0; path = AboutFruits.app; sourceTree = BUILT_PRODUCTS_DIR; };
		8945244328C6EA2900F06AE9 /* AboutFruitsApp.swift */ = {isa = PBXFileReference; lastKnownFileType = sourcecode.swift; path = AboutFruitsApp.swift; sourceTree = "<group>"; };
		8945244528C6EA2900F06AE9 /* ContentView.swift */ = {isa = PBXFileReference; lastKnownFileType = sourcecode.swift; path = ContentView.swift; sourceTree = "<group>"; };
		8945244728C6EA2A00F06AE9 /* Assets.xcassets */ = {isa = PBXFileReference; lastKnownFileType = folder.assetcatalog; path = Assets.xcassets; sourceTree = "<group>"; };
		8945244A28C6EA2A00F06AE9 /* Preview Assets.xcassets */ = {isa = PBXFileReference; lastKnownFileType = folder.assetcatalog; path = "Preview Assets.xcassets"; sourceTree = "<group>"; };
		8945245028C6EA2A00F06AE9 /* AboutFruitsTests.xctest */ = {isa = PBXFileReference; explicitFileType = wrapper.cfbundle; includeInIndex = 0; path = AboutFruitsTests.xctest; sourceTree = BUILT_PRODUCTS_DIR; };
		8945245428C6EA2A00F06AE9 /* AboutFruitsTests.swift */ = {isa = PBXFileReference; lastKnownFileType = sourcecode.swift; path = AboutFruitsTests.swift; sourceTree = "<group>"; };
		8945245A28C6EA2A00F06AE9 /* AboutFruitsUITests.xctest */ = {isa = PBXFileReference; explicitFileType = wrapper.cfbundle; includeInIndex = 0; path = AboutFruitsUITests.xctest; sourceTree = BUILT_PRODUCTS_DIR; };
		8945245E28C6EA2A00F06AE9 /* AboutFruitsUITests.swift */ = {isa = PBXFileReference; lastKnownFileType = sourcecode.swift; path = AboutFruitsUITests.swift; sourceTree = "<group>"; };
		8945246028C6EA2A00F06AE9 /* AboutFruitsUITestsLaunchTests.swift */ = {isa = PBXFileReference; lastKnownFileType = sourcecode.swift; path = AboutFruitsUITestsLaunchTests.swift; sourceTree = "<group>"; };
		8945246F28C6F47600F06AE9 /* FruitCardView.swift */ = {isa = PBXFileReference; lastKnownFileType = sourcecode.swift; path = FruitCardView.swift; sourceTree = "<group>"; };
		8945247128C6F8C300F06AE9 /* StartButtonView.swift */ = {isa = PBXFileReference; lastKnownFileType = sourcecode.swift; path = StartButtonView.swift; sourceTree = "<group>"; };
		8945247328C6FC7600F06AE9 /* OnboardingView.swift */ = {isa = PBXFileReference; lastKnownFileType = sourcecode.swift; path = OnboardingView.swift; sourceTree = "<group>"; };
		8945247628C70D5300F06AE9 /* FruitModel.swift */ = {isa = PBXFileReference; lastKnownFileType = sourcecode.swift; path = FruitModel.swift; sourceTree = "<group>"; };
		8945247928C70EE400F06AE9 /* FruitData.swift */ = {isa = PBXFileReference; lastKnownFileType = sourcecode.swift; path = FruitData.swift; sourceTree = "<group>"; };
		8945247B28C71BC200F06AE9 /* FruitRowView.swift */ = {isa = PBXFileReference; lastKnownFileType = sourcecode.swift; path = FruitRowView.swift; sourceTree = "<group>"; };
/* End PBXFileReference section */

/* Begin PBXFrameworksBuildPhase section */
		8945243D28C6EA2900F06AE9 /* Frameworks */ = {
			isa = PBXFrameworksBuildPhase;
			buildActionMask = 2147483647;
			files = (
			);
			runOnlyForDeploymentPostprocessing = 0;
		};
		8945244D28C6EA2A00F06AE9 /* Frameworks */ = {
			isa = PBXFrameworksBuildPhase;
			buildActionMask = 2147483647;
			files = (
			);
			runOnlyForDeploymentPostprocessing = 0;
		};
		8945245728C6EA2A00F06AE9 /* Frameworks */ = {
			isa = PBXFrameworksBuildPhase;
			buildActionMask = 2147483647;
			files = (
			);
			runOnlyForDeploymentPostprocessing = 0;
		};
/* End PBXFrameworksBuildPhase section */

/* Begin PBXGroup section */
		8945243728C6EA2900F06AE9 = {
			isa = PBXGroup;
			children = (
				8945244228C6EA2900F06AE9 /* AboutFruits */,
				8945245328C6EA2A00F06AE9 /* AboutFruitsTests */,
				8945245D28C6EA2A00F06AE9 /* AboutFruitsUITests */,
				8945244128C6EA2900F06AE9 /* Products */,
			);
			sourceTree = "<group>";
		};
		8945244128C6EA2900F06AE9 /* Products */ = {
			isa = PBXGroup;
			children = (
				8945244028C6EA2900F06AE9 /* AboutFruits.app */,
				8945245028C6EA2A00F06AE9 /* AboutFruitsTests.xctest */,
				8945245A28C6EA2A00F06AE9 /* AboutFruitsUITests.xctest */,
			);
			name = Products;
			sourceTree = "<group>";
		};
		8945244228C6EA2900F06AE9 /* AboutFruits */ = {
			isa = PBXGroup;
			children = (
				8945247828C70ED400F06AE9 /* Data */,
				8945247528C70D3E00F06AE9 /* Model */,
				8945246E28C6F44D00F06AE9 /* Views */,
				8945246D28C6F34D00F06AE9 /* App */,
				8945244728C6EA2A00F06AE9 /* Assets.xcassets */,
				8945244928C6EA2A00F06AE9 /* Preview Content */,
			);
			path = AboutFruits;
			sourceTree = "<group>";
		};
		8945244928C6EA2A00F06AE9 /* Preview Content */ = {
			isa = PBXGroup;
			children = (
				8945244A28C6EA2A00F06AE9 /* Preview Assets.xcassets */,
			);
			path = "Preview Content";
			sourceTree = "<group>";
		};
		8945245328C6EA2A00F06AE9 /* AboutFruitsTests */ = {
			isa = PBXGroup;
			children = (
				8945245428C6EA2A00F06AE9 /* AboutFruitsTests.swift */,
			);
			path = AboutFruitsTests;
			sourceTree = "<group>";
		};
		8945245D28C6EA2A00F06AE9 /* AboutFruitsUITests */ = {
			isa = PBXGroup;
			children = (
				8945245E28C6EA2A00F06AE9 /* AboutFruitsUITests.swift */,
				8945246028C6EA2A00F06AE9 /* AboutFruitsUITestsLaunchTests.swift */,
			);
			path = AboutFruitsUITests;
			sourceTree = "<group>";
		};
		8945246D28C6F34D00F06AE9 /* App */ = {
			isa = PBXGroup;
			children = (
				8945244328C6EA2900F06AE9 /* AboutFruitsApp.swift */,
				8945244528C6EA2900F06AE9 /* ContentView.swift */,
				8945247328C6FC7600F06AE9 /* OnboardingView.swift */,
			);
			path = App;
			sourceTree = "<group>";
		};
		8945246E28C6F44D00F06AE9 /* Views */ = {
			isa = PBXGroup;
			children = (
				8945246F28C6F47600F06AE9 /* FruitCardView.swift */,
				8945247128C6F8C300F06AE9 /* StartButtonView.swift */,
				8945247B28C71BC200F06AE9 /* FruitRowView.swift */,
			);
			path = Views;
			sourceTree = "<group>";
		};
		8945247528C70D3E00F06AE9 /* Model */ = {
			isa = PBXGroup;
			children = (
				8945247628C70D5300F06AE9 /* FruitModel.swift */,
			);
			path = Model;
			sourceTree = "<group>";
		};
		8945247828C70ED400F06AE9 /* Data */ = {
			isa = PBXGroup;
			children = (
				8945247928C70EE400F06AE9 /* FruitData.swift */,
			);
			path = Data;
			sourceTree = "<group>";
		};
/* End PBXGroup section */

/* Begin PBXNativeTarget section */
		8945243F28C6EA2900F06AE9 /* AboutFruits */ = {
			isa = PBXNativeTarget;
			buildConfigurationList = 8945246428C6EA2A00F06AE9 /* Build configuration list for PBXNativeTarget "AboutFruits" */;
			buildPhases = (
				8945243C28C6EA2900F06AE9 /* Sources */,
				8945243D28C6EA2900F06AE9 /* Frameworks */,
				8945243E28C6EA2900F06AE9 /* Resources */,
			);
			buildRules = (
			);
			dependencies = (
			);
			name = AboutFruits;
			productName = AboutFruits;
			productReference = 8945244028C6EA2900F06AE9 /* AboutFruits.app */;
			productType = "com.apple.product-type.application";
		};
		8945244F28C6EA2A00F06AE9 /* AboutFruitsTests */ = {
			isa = PBXNativeTarget;
			buildConfigurationList = 8945246728C6EA2A00F06AE9 /* Build configuration list for PBXNativeTarget "AboutFruitsTests" */;
			buildPhases = (
				8945244C28C6EA2A00F06AE9 /* Sources */,
				8945244D28C6EA2A00F06AE9 /* Frameworks */,
				8945244E28C6EA2A00F06AE9 /* Resources */,
			);
			buildRules = (
			);
			dependencies = (
				8945245228C6EA2A00F06AE9 /* PBXTargetDependency */,
			);
			name = AboutFruitsTests;
			productName = AboutFruitsTests;
			productReference = 8945245028C6EA2A00F06AE9 /* AboutFruitsTests.xctest */;
			productType = "com.apple.product-type.bundle.unit-test";
		};
		8945245928C6EA2A00F06AE9 /* AboutFruitsUITests */ = {
			isa = PBXNativeTarget;
			buildConfigurationList = 8945246A28C6EA2A00F06AE9 /* Build configuration list for PBXNativeTarget "AboutFruitsUITests" */;
			buildPhases = (
				8945245628C6EA2A00F06AE9 /* Sources */,
				8945245728C6EA2A00F06AE9 /* Frameworks */,
				8945245828C6EA2A00F06AE9 /* Resources */,
			);
			buildRules = (
			);
			dependencies = (
				8945245C28C6EA2A00F06AE9 /* PBXTargetDependency */,
			);
			name = AboutFruitsUITests;
			productName = AboutFruitsUITests;
			productReference = 8945245A28C6EA2A00F06AE9 /* AboutFruitsUITests.xctest */;
			productType = "com.apple.product-type.bundle.ui-testing";
		};
/* End PBXNativeTarget section */

/* Begin PBXProject section */
		8945243828C6EA2900F06AE9 /* Project object */ = {
			isa = PBXProject;
			attributes = {
				BuildIndependentTargetsInParallel = 1;
				LastSwiftUpdateCheck = 1320;
				LastUpgradeCheck = 1320;
				TargetAttributes = {
					8945243F28C6EA2900F06AE9 = {
						CreatedOnToolsVersion = 13.2.1;
					};
					8945244F28C6EA2A00F06AE9 = {
						CreatedOnToolsVersion = 13.2.1;
						TestTargetID = 8945243F28C6EA2900F06AE9;
					};
					8945245928C6EA2A00F06AE9 = {
						CreatedOnToolsVersion = 13.2.1;
						TestTargetID = 8945243F28C6EA2900F06AE9;
					};
				};
			};
			buildConfigurationList = 8945243B28C6EA2900F06AE9 /* Build configuration list for PBXProject "AboutFruits" */;
			compatibilityVersion = "Xcode 13.0";
			developmentRegion = en;
			hasScannedForEncodings = 0;
			knownRegions = (
				en,
				Base,
			);
			mainGroup = 8945243728C6EA2900F06AE9;
			productRefGroup = 8945244128C6EA2900F06AE9 /* Products */;
			projectDirPath = "";
			projectRoot = "";
			targets = (
				8945243F28C6EA2900F06AE9 /* AboutFruits */,
				8945244F28C6EA2A00F06AE9 /* AboutFruitsTests */,
				8945245928C6EA2A00F06AE9 /* AboutFruitsUITests */,
			);
		};
/* End PBXProject section */

/* Begin PBXResourcesBuildPhase section */
		8945243E28C6EA2900F06AE9 /* Resources */ = {
			isa = PBXResourcesBuildPhase;
			buildActionMask = 2147483647;
			files = (
				8945244B28C6EA2A00F06AE9 /* Preview Assets.xcassets in Resources */,
				8945244828C6EA2A00F06AE9 /* Assets.xcassets in Resources */,
			);
			runOnlyForDeploymentPostprocessing = 0;
		};
		8945244E28C6EA2A00F06AE9 /* Resources */ = {
			isa = PBXResourcesBuildPhase;
			buildActionMask = 2147483647;
			files = (
			);
			runOnlyForDeploymentPostprocessing = 0;
		};
		8945245828C6EA2A00F06AE9 /* Resources */ = {
			isa = PBXResourcesBuildPhase;
			buildActionMask = 2147483647;
			files = (
			);
			runOnlyForDeploymentPostprocessing = 0;
		};
/* End PBXResourcesBuildPhase section */

/* Begin PBXSourcesBuildPhase section */
		8945243C28C6EA2900F06AE9 /* Sources */ = {
			isa = PBXSourcesBuildPhase;
			buildActionMask = 2147483647;
			files = (
				8945247A28C70EE400F06AE9 /* FruitData.swift in Sources */,
				8945247028C6F47600F06AE9 /* FruitCardView.swift in Sources */,
				8945247C28C71BC200F06AE9 /* FruitRowView.swift in Sources */,
				8945247228C6F8C300F06AE9 /* StartButtonView.swift in Sources */,
				8945244628C6EA2900F06AE9 /* ContentView.swift in Sources */,
				8945247428C6FC7600F06AE9 /* OnboardingView.swift in Sources */,
				8945247728C70D5300F06AE9 /* FruitModel.swift in Sources */,
				8945244428C6EA2900F06AE9 /* AboutFruitsApp.swift in Sources */,
			);
			runOnlyForDeploymentPostprocessing = 0;
		};
		8945244C28C6EA2A00F06AE9 /* Sources */ = {
			isa = PBXSourcesBuildPhase;
			buildActionMask = 2147483647;
			files = (
				8945245528C6EA2A00F06AE9 /* AboutFruitsTests.swift in Sources */,
			);
			runOnlyForDeploymentPostprocessing = 0;
		};
		8945245628C6EA2A00F06AE9 /* Sources */ = {
			isa = PBXSourcesBuildPhase;
			buildActionMask = 2147483647;
			files = (
				8945245F28C6EA2A00F06AE9 /* AboutFruitsUITests.swift in Sources */,
				8945246128C6EA2A00F06AE9 /* AboutFruitsUITestsLaunchTests.swift in Sources */,
			);
			runOnlyForDeploymentPostprocessing = 0;
		};
/* End PBXSourcesBuildPhase section */

/* Begin PBXTargetDependency section */
		8945245228C6EA2A00F06AE9 /* PBXTargetDependency */ = {
			isa = PBXTargetDependency;
			target = 8945243F28C6EA2900F06AE9 /* AboutFruits */;
			targetProxy = 8945245128C6EA2A00F06AE9 /* PBXContainerItemProxy */;
		};
		8945245C28C6EA2A00F06AE9 /* PBXTargetDependency */ = {
			isa = PBXTargetDependency;
			target = 8945243F28C6EA2900F06AE9 /* AboutFruits */;
			targetProxy = 8945245B28C6EA2A00F06AE9 /* PBXContainerItemProxy */;
		};
/* End PBXTargetDependency section */

/* Begin XCBuildConfiguration section */
		8945246228C6EA2A00F06AE9 /* Debug */ = {
			isa = XCBuildConfiguration;
			buildSettings = {
				ALWAYS_SEARCH_USER_PATHS = NO;
				CLANG_ANALYZER_NONNULL = YES;
				CLANG_ANALYZER_NUMBER_OBJECT_CONVERSION = YES_AGGRESSIVE;
				CLANG_CXX_LANGUAGE_STANDARD = "gnu++17";
				CLANG_CXX_LIBRARY = "libc++";
				CLANG_ENABLE_MODULES = YES;
				CLANG_ENABLE_OBJC_ARC = YES;
				CLANG_ENABLE_OBJC_WEAK = YES;
				CLANG_WARN_BLOCK_CAPTURE_AUTORELEASING = YES;
				CLANG_WARN_BOOL_CONVERSION = YES;
				CLANG_WARN_COMMA = YES;
				CLANG_WARN_CONSTANT_CONVERSION = YES;
				CLANG_WARN_DEPRECATED_OBJC_IMPLEMENTATIONS = YES;
				CLANG_WARN_DIRECT_OBJC_ISA_USAGE = YES_ERROR;
				CLANG_WARN_DOCUMENTATION_COMMENTS = YES;
				CLANG_WARN_EMPTY_BODY = YES;
				CLANG_WARN_ENUM_CONVERSION = YES;
				CLANG_WARN_INFINITE_RECURSION = YES;
				CLANG_WARN_INT_CONVERSION = YES;
				CLANG_WARN_NON_LITERAL_NULL_CONVERSION = YES;
				CLANG_WARN_OBJC_IMPLICIT_RETAIN_SELF = YES;
				CLANG_WARN_OBJC_LITERAL_CONVERSION = YES;
				CLANG_WARN_OBJC_ROOT_CLASS = YES_ERROR;
				CLANG_WARN_QUOTED_INCLUDE_IN_FRAMEWORK_HEADER = YES;
				CLANG_WARN_RANGE_LOOP_ANALYSIS = YES;
				CLANG_WARN_STRICT_PROTOTYPES = YES;
				CLANG_WARN_SUSPICIOUS_MOVE = YES;
				CLANG_WARN_UNGUARDED_AVAILABILITY = YES_AGGRESSIVE;
				CLANG_WARN_UNREACHABLE_CODE = YES;
				CLANG_WARN__DUPLICATE_METHOD_MATCH = YES;
				COPY_PHASE_STRIP = NO;
				DEBUG_INFORMATION_FORMAT = dwarf;
				ENABLE_STRICT_OBJC_MSGSEND = YES;
				ENABLE_TESTABILITY = YES;
				GCC_C_LANGUAGE_STANDARD = gnu11;
				GCC_DYNAMIC_NO_PIC = NO;
				GCC_NO_COMMON_BLOCKS = YES;
				GCC_OPTIMIZATION_LEVEL = 0;
				GCC_PREPROCESSOR_DEFINITIONS = (
					"DEBUG=1",
					"$(inherited)",
				);
				GCC_WARN_64_TO_32_BIT_CONVERSION = YES;
				GCC_WARN_ABOUT_RETURN_TYPE = YES_ERROR;
				GCC_WARN_UNDECLARED_SELECTOR = YES;
				GCC_WARN_UNINITIALIZED_AUTOS = YES_AGGRESSIVE;
				GCC_WARN_UNUSED_FUNCTION = YES;
				GCC_WARN_UNUSED_VARIABLE = YES;
				IPHONEOS_DEPLOYMENT_TARGET = 15.2;
				MTL_ENABLE_DEBUG_INFO = INCLUDE_SOURCE;
				MTL_FAST_MATH = YES;
				ONLY_ACTIVE_ARCH = YES;
				SDKROOT = iphoneos;
				SWIFT_ACTIVE_COMPILATION_CONDITIONS = DEBUG;
				SWIFT_OPTIMIZATION_LEVEL = "-Onone";
			};
			name = Debug;
		};
		8945246328C6EA2A00F06AE9 /* Release */ = {
			isa = XCBuildConfiguration;
			buildSettings = {
				ALWAYS_SEARCH_USER_PATHS = NO;
				CLANG_ANALYZER_NONNULL = YES;
				CLANG_ANALYZER_NUMBER_OBJECT_CONVERSION = YES_AGGRESSIVE;
				CLANG_CXX_LANGUAGE_STANDARD = "gnu++17";
				CLANG_CXX_LIBRARY = "libc++";
				CLANG_ENABLE_MODULES = YES;
				CLANG_ENABLE_OBJC_ARC = YES;
				CLANG_ENABLE_OBJC_WEAK = YES;
				CLANG_WARN_BLOCK_CAPTURE_AUTORELEASING = YES;
				CLANG_WARN_BOOL_CONVERSION = YES;
				CLANG_WARN_COMMA = YES;
				CLANG_WARN_CONSTANT_CONVERSION = YES;
				CLANG_WARN_DEPRECATED_OBJC_IMPLEMENTATIONS = YES;
				CLANG_WARN_DIRECT_OBJC_ISA_USAGE = YES_ERROR;
				CLANG_WARN_DOCUMENTATION_COMMENTS = YES;
				CLANG_WARN_EMPTY_BODY = YES;
				CLANG_WARN_ENUM_CONVERSION = YES;
				CLANG_WARN_INFINITE_RECURSION = YES;
				CLANG_WARN_INT_CONVERSION = YES;
				CLANG_WARN_NON_LITERAL_NULL_CONVERSION = YES;
				CLANG_WARN_OBJC_IMPLICIT_RETAIN_SELF = YES;
				CLANG_WARN_OBJC_LITERAL_CONVERSION = YES;
				CLANG_WARN_OBJC_ROOT_CLASS = YES_ERROR;
				CLANG_WARN_QUOTED_INCLUDE_IN_FRAMEWORK_HEADER = YES;
				CLANG_WARN_RANGE_LOOP_ANALYSIS = YES;
				CLANG_WARN_STRICT_PROTOTYPES = YES;
				CLANG_WARN_SUSPICIOUS_MOVE = YES;
				CLANG_WARN_UNGUARDED_AVAILABILITY = YES_AGGRESSIVE;
				CLANG_WARN_UNREACHABLE_CODE = YES;
				CLANG_WARN__DUPLICATE_METHOD_MATCH = YES;
				COPY_PHASE_STRIP = NO;
				DEBUG_INFORMATION_FORMAT = "dwarf-with-dsym";
				ENABLE_NS_ASSERTIONS = NO;
				ENABLE_STRICT_OBJC_MSGSEND = YES;
				GCC_C_LANGUAGE_STANDARD = gnu11;
				GCC_NO_COMMON_BLOCKS = YES;
				GCC_WARN_64_TO_32_BIT_CONVERSION = YES;
				GCC_WARN_ABOUT_RETURN_TYPE = YES_ERROR;
				GCC_WARN_UNDECLARED_SELECTOR = YES;
				GCC_WARN_UNINITIALIZED_AUTOS = YES_AGGRESSIVE;
				GCC_WARN_UNUSED_FUNCTION = YES;
				GCC_WARN_UNUSED_VARIABLE = YES;
				IPHONEOS_DEPLOYMENT_TARGET = 15.2;
				MTL_ENABLE_DEBUG_INFO = NO;
				MTL_FAST_MATH = YES;
				SDKROOT = iphoneos;
				SWIFT_COMPILATION_MODE = wholemodule;
				SWIFT_OPTIMIZATION_LEVEL = "-O";
				VALIDATE_PRODUCT = YES;
			};
			name = Release;
		};
		8945246528C6EA2A00F06AE9 /* Debug */ = {
			isa = XCBuildConfiguration;
			buildSettings = {
				ASSETCATALOG_COMPILER_APPICON_NAME = AppIcon;
				ASSETCATALOG_COMPILER_GLOBAL_ACCENT_COLOR_NAME = AccentColor;
				CODE_SIGN_STYLE = Automatic;
				CURRENT_PROJECT_VERSION = 1;
				DEVELOPMENT_ASSET_PATHS = "\"AboutFruits/Preview Content\"";
				DEVELOPMENT_TEAM = 898K727NUA;
				ENABLE_PREVIEWS = YES;
				GENERATE_INFOPLIST_FILE = YES;
				INFOPLIST_KEY_UIApplicationSceneManifest_Generation = YES;
				INFOPLIST_KEY_UIApplicationSupportsIndirectInputEvents = YES;
				INFOPLIST_KEY_UILaunchScreen_Generation = YES;
				INFOPLIST_KEY_UISupportedInterfaceOrientations = UIInterfaceOrientationPortrait;
				INFOPLIST_KEY_UISupportedInterfaceOrientations_iPad = "UIInterfaceOrientationPortrait UIInterfaceOrientationPortraitUpsideDown UIInterfaceOrientationLandscapeLeft UIInterfaceOrientationLandscapeRight";
				INFOPLIST_KEY_UISupportedInterfaceOrientations_iPhone = UIInterfaceOrientationPortrait;
				LD_RUNPATH_SEARCH_PATHS = (
					"$(inherited)",
					"@executable_path/Frameworks",
				);
				MARKETING_VERSION = 1.0;
				PRODUCT_BUNDLE_IDENTIFIER = com.shamin.AboutFruits;
				PRODUCT_NAME = "$(TARGET_NAME)";
				SWIFT_EMIT_LOC_STRINGS = YES;
				SWIFT_VERSION = 5.0;
				TARGETED_DEVICE_FAMILY = "1,2";
			};
			name = Debug;
		};
		8945246628C6EA2A00F06AE9 /* Release */ = {
			isa = XCBuildConfiguration;
			buildSettings = {
				ASSETCATALOG_COMPILER_APPICON_NAME = AppIcon;
				ASSETCATALOG_COMPILER_GLOBAL_ACCENT_COLOR_NAME = AccentColor;
				CODE_SIGN_STYLE = Automatic;
				CURRENT_PROJECT_VERSION = 1;
				DEVELOPMENT_ASSET_PATHS = "\"AboutFruits/Preview Content\"";
				DEVELOPMENT_TEAM = 898K727NUA;
				ENABLE_PREVIEWS = YES;
				GENERATE_INFOPLIST_FILE = YES;
				INFOPLIST_KEY_UIApplicationSceneManifest_Generation = YES;
				INFOPLIST_KEY_UIApplicationSupportsIndirectInputEvents = YES;
				INFOPLIST_KEY_UILaunchScreen_Generation = YES;
				INFOPLIST_KEY_UISupportedInterfaceOrientations = UIInterfaceOrientationPortrait;
				INFOPLIST_KEY_UISupportedInterfaceOrientations_iPad = "UIInterfaceOrientationPortrait UIInterfaceOrientationPortraitUpsideDown UIInterfaceOrientationLandscapeLeft UIInterfaceOrientationLandscapeRight";
				INFOPLIST_KEY_UISupportedInterfaceOrientations_iPhone = UIInterfaceOrientationPortrait;
				LD_RUNPATH_SEARCH_PATHS = (
					"$(inherited)",
					"@executable_path/Frameworks",
				);
				MARKETING_VERSION = 1.0;
				PRODUCT_BUNDLE_IDENTIFIER = com.shamin.AboutFruits;
				PRODUCT_NAME = "$(TARGET_NAME)";
				SWIFT_EMIT_LOC_STRINGS = YES;
				SWIFT_VERSION = 5.0;
				TARGETED_DEVICE_FAMILY = "1,2";
			};
			name = Release;
		};
		8945246828C6EA2A00F06AE9 /* Debug */ = {
			isa = XCBuildConfiguration;
			buildSettings = {
				ALWAYS_EMBED_SWIFT_STANDARD_LIBRARIES = YES;
				BUNDLE_LOADER = "$(TEST_HOST)";
				CODE_SIGN_STYLE = Automatic;
				CURRENT_PROJECT_VERSION = 1;
				DEVELOPMENT_TEAM = 898K727NUA;
				GENERATE_INFOPLIST_FILE = YES;
				IPHONEOS_DEPLOYMENT_TARGET = 15.2;
				MARKETING_VERSION = 1.0;
				PRODUCT_BUNDLE_IDENTIFIER = com.shamin.AboutFruitsTests;
				PRODUCT_NAME = "$(TARGET_NAME)";
				SWIFT_EMIT_LOC_STRINGS = NO;
				SWIFT_VERSION = 5.0;
				TARGETED_DEVICE_FAMILY = "1,2";
				TEST_HOST = "$(BUILT_PRODUCTS_DIR)/AboutFruits.app/AboutFruits";
			};
			name = Debug;
		};
		8945246928C6EA2A00F06AE9 /* Release */ = {
			isa = XCBuildConfiguration;
			buildSettings = {
				ALWAYS_EMBED_SWIFT_STANDARD_LIBRARIES = YES;
				BUNDLE_LOADER = "$(TEST_HOST)";
				CODE_SIGN_STYLE = Automatic;
				CURRENT_PROJECT_VERSION = 1;
				DEVELOPMENT_TEAM = 898K727NUA;
				GENERATE_INFOPLIST_FILE = YES;
				IPHONEOS_DEPLOYMENT_TARGET = 15.2;
				MARKETING_VERSION = 1.0;
				PRODUCT_BUNDLE_IDENTIFIER = com.shamin.AboutFruitsTests;
				PRODUCT_NAME = "$(TARGET_NAME)";
				SWIFT_EMIT_LOC_STRINGS = NO;
				SWIFT_VERSION = 5.0;
				TARGETED_DEVICE_FAMILY = "1,2";
				TEST_HOST = "$(BUILT_PRODUCTS_DIR)/AboutFruits.app/AboutFruits";
			};
			name = Release;
		};
		8945246B28C6EA2A00F06AE9 /* Debug */ = {
			isa = XCBuildConfiguration;
			buildSettings = {
				ALWAYS_EMBED_SWIFT_STANDARD_LIBRARIES = YES;
				CODE_SIGN_STYLE = Automatic;
				CURRENT_PROJECT_VERSION = 1;
				DEVELOPMENT_TEAM = 898K727NUA;
				GENERATE_INFOPLIST_FILE = YES;
				MARKETING_VERSION = 1.0;
				PRODUCT_BUNDLE_IDENTIFIER = com.shamin.AboutFruitsUITests;
				PRODUCT_NAME = "$(TARGET_NAME)";
				SWIFT_EMIT_LOC_STRINGS = NO;
				SWIFT_VERSION = 5.0;
				TARGETED_DEVICE_FAMILY = "1,2";
				TEST_TARGET_NAME = AboutFruits;
			};
			name = Debug;
		};
		8945246C28C6EA2A00F06AE9 /* Release */ = {
			isa = XCBuildConfiguration;
			buildSettings = {
				ALWAYS_EMBED_SWIFT_STANDARD_LIBRARIES = YES;
				CODE_SIGN_STYLE = Automatic;
				CURRENT_PROJECT_VERSION = 1;
				DEVELOPMENT_TEAM = 898K727NUA;
				GENERATE_INFOPLIST_FILE = YES;
				MARKETING_VERSION = 1.0;
				PRODUCT_BUNDLE_IDENTIFIER = com.shamin.AboutFruitsUITests;
				PRODUCT_NAME = "$(TARGET_NAME)";
				SWIFT_EMIT_LOC_STRINGS = NO;
				SWIFT_VERSION = 5.0;
				TARGETED_DEVICE_FAMILY = "1,2";
				TEST_TARGET_NAME = AboutFruits;
			};
			name = Release;
		};
/* End XCBuildConfiguration section */

/* Begin XCConfigurationList section */
		8945243B28C6EA2900F06AE9 /* Build configuration list for PBXProject "AboutFruits" */ = {
			isa = XCConfigurationList;
			buildConfigurations = (
				8945246228C6EA2A00F06AE9 /* Debug */,
				8945246328C6EA2A00F06AE9 /* Release */,
			);
			defaultConfigurationIsVisible = 0;
			defaultConfigurationName = Release;
		};
		8945246428C6EA2A00F06AE9 /* Build configuration list for PBXNativeTarget "AboutFruits" */ = {
			isa = XCConfigurationList;
			buildConfigurations = (
				8945246528C6EA2A00F06AE9 /* Debug */,
				8945246628C6EA2A00F06AE9 /* Release */,
			);
			defaultConfigurationIsVisible = 0;
			defaultConfigurationName = Release;
		};
		8945246728C6EA2A00F06AE9 /* Build configuration list for PBXNativeTarget "AboutFruitsTests" */ = {
			isa = XCConfigurationList;
			buildConfigurations = (
				8945246828C6EA2A00F06AE9 /* Debug */,
				8945246928C6EA2A00F06AE9 /* Release */,
			);
			defaultConfigurationIsVisible = 0;
			defaultConfigurationName = Release;
		};
		8945246A28C6EA2A00F06AE9 /* Build configuration list for PBXNativeTarget "AboutFruitsUITests" */ = {
			isa = XCConfigurationList;
			buildConfigurations = (
				8945246B28C6EA2A00F06AE9 /* Debug */,
				8945246C28C6EA2A00F06AE9 /* Release */,
			);
			defaultConfigurationIsVisible = 0;
			defaultConfigurationName = Release;
		};
/* End XCConfigurationList section */
	};
	rootObject = 8945243828C6EA2900F06AE9 /* Project object */;
}
